
Microsoft Visual Studio Solution File, Format Version 12.00
# Visual Studio Version 16
VisualStudioVersion = 16.0.31402.337
MinimumVisualStudioVersion = 10.0.40219.1
Project("{FAE04EC0-301F-11D3-BF4B-00C04F79EFBC}") = "BlazorPeliculas.Server", "BlazorPeliculas\Server\BlazorPeliculas.Server.csproj", "{928DC3EA-77B4-419E-A92F-AC78CEBD0C29}"
EndProject
Project("{FAE04EC0-301F-11D3-BF4B-00C04F79EFBC}") = "BlazorPeliculas.Client", "BlazorPeliculas\Client\BlazorPeliculas.Client.csproj", "{0F9DC86C-9C37-483F-86AE-1BE7499A2DE7}"
EndProject
Project("{FAE04EC0-301F-11D3-BF4B-00C04F79EFBC}") = "BlazorPeliculas.Shared", "BlazorPeliculas\Shared\BlazorPeliculas.Shared.csproj", "{79B3BDCD-5F44-4D57-B665-57CC86937329}"
EndProject
Global
	GlobalSection(SolutionConfigurationPlatforms) = preSolution
		Debug|Any CPU = Debug|Any CPU
		Release|Any CPU = Release|Any CPU
	EndGlobalSection
	GlobalSection(ProjectConfigurationPlatforms) = postSolution
		{928DC3EA-77B4-419E-A92F-AC78CEBD0C29}.Debug|Any CPU.ActiveCfg = Debug|Any CPU
		{928DC3EA-77B4-419E-A92F-AC78CEBD0C29}.Debug|Any CPU.Build.0 = Debug|Any CPU
		{928DC3EA-77B4-419E-A92F-AC78CEBD0C29}.Release|Any CPU.ActiveCfg = Release|Any CPU
		{928DC3EA-77B4-419E-A92F-AC78CEBD0C29}.Release|Any CPU.Build.0 = Release|Any CPU
		{0F9DC86C-9C37-483F-86AE-1BE7499A2DE7}.Debug|Any CPU.ActiveCfg = Debug|Any CPU
		{0F9DC86C-9C37-483F-86AE-1BE7499A2DE7}.Debug|Any CPU.Build.0 = Debug|Any CPU
		{0F9DC86C-9C37-483F-86AE-1BE7499A2DE7}.Release|Any CPU.ActiveCfg = Release|Any CPU
		{0F9DC86C-9C37-483F-86AE-1BE7499A2DE7}.Release|Any CPU.Build.0 = Release|Any CPU
		{79B3BDCD-5F44-4D57-B665-57CC86937329}.Debug|Any CPU.ActiveCfg = Debug|Any CPU
		{79B3BDCD-5F44-4D57-B665-57CC86937329}.Debug|Any CPU.Build.0 = Debug|Any CPU
		{79B3BDCD-5F44-4D57-B665-57CC86937329}.Release|Any CPU.ActiveCfg = Release|Any CPU
		{79B3BDCD-5F44-4D57-B665-57CC86937329}.Release|Any CPU.Build.0 = Release|Any CPU
	EndGlobalSection
	GlobalSection(SolutionProperties) = preSolution
		HideSolutionNode = FALSE
	EndGlobalSection
	GlobalSection(ExtensibilityGlobals) = postSolution
		SolutionGuid = {12A3AF97-F945-45CF-A2D4-6A0603A751BF}
	EndGlobalSection
EndGlobal
